// !$*UTF8*$!
{
	archiveVersion = 1;
	classes = {
	};
	objectVersion = 46;
	objects = {

/* Begin PBXBuildFile section */
<<<<<<< HEAD
		5738DD4ACDB5A9D1669CE1F2 /* libPods-RMH Family Guide.a in Frameworks */ = {isa = PBXBuildFile; fileRef = E52BD16BB69EC617632E5CC2 /* libPods-RMH Family Guide.a */; };
=======
		56A7599CCF26AEF9485C2CD4 /* libPods-RMH Family Guide.a in Frameworks */ = {isa = PBXBuildFile; fileRef = E4BCB65DEE2BFB5F876B9CA5 /* libPods-RMH Family Guide.a */; };
		623A96CC1ECCCE9900489C8D /* ViewController3.swift in Sources */ = {isa = PBXBuildFile; fileRef = 623A96CB1ECCCE9900489C8D /* ViewController3.swift */; };
>>>>>>> 1f0eb9a540b9fdd6d8fa7da11692c32da37b18fb
		6246606C1ECC814200F7AC8A /* AppDelegate.swift in Sources */ = {isa = PBXBuildFile; fileRef = 6246606B1ECC814200F7AC8A /* AppDelegate.swift */; };
		6246606E1ECC814200F7AC8A /* ViewController.swift in Sources */ = {isa = PBXBuildFile; fileRef = 6246606D1ECC814200F7AC8A /* ViewController.swift */; };
		624660711ECC814200F7AC8A /* Main.storyboard in Resources */ = {isa = PBXBuildFile; fileRef = 6246606F1ECC814200F7AC8A /* Main.storyboard */; };
		624660731ECC814200F7AC8A /* Assets.xcassets in Resources */ = {isa = PBXBuildFile; fileRef = 624660721ECC814200F7AC8A /* Assets.xcassets */; };
<<<<<<< HEAD
		624660801ECC852B00F7AC8A /* Podfile in Resources */ = {isa = PBXBuildFile; fileRef = 6246607F1ECC852B00F7AC8A /* Podfile */; };
		95D0FEE81ECCB9DA00400405 /* MapViewController.swift in Sources */ = {isa = PBXBuildFile; fileRef = 95D0FEE71ECCB9DA00400405 /* MapViewController.swift */; };
		95D0FEEB1ECCC92700400405 /* LaunchScreen.storyboard in Resources */ = {isa = PBXBuildFile; fileRef = 95D0FEE91ECCC92700400405 /* LaunchScreen.storyboard */; };
/* End PBXBuildFile section */

/* Begin PBXFileReference section */
		0684AF6351502CF587716109 /* Pods-RMH Family Guide.release.xcconfig */ = {isa = PBXFileReference; includeInIndex = 1; lastKnownFileType = text.xcconfig; name = "Pods-RMH Family Guide.release.xcconfig"; path = "Pods/Target Support Files/Pods-RMH Family Guide/Pods-RMH Family Guide.release.xcconfig"; sourceTree = "<group>"; };
=======
		624660761ECC814200F7AC8A /* LaunchScreen.storyboard in Resources */ = {isa = PBXBuildFile; fileRef = 624660741ECC814200F7AC8A /* LaunchScreen.storyboard */; };
		62C2A9281ECCB7310059B5CE /* ViewController2.swift in Sources */ = {isa = PBXBuildFile; fileRef = 62C2A9271ECCB7310059B5CE /* ViewController2.swift */; };
/* End PBXBuildFile section */

/* Begin PBXFileReference section */
		2D2125531582D52A75430956 /* Pods-RMH Family Guide.release.xcconfig */ = {isa = PBXFileReference; includeInIndex = 1; lastKnownFileType = text.xcconfig; name = "Pods-RMH Family Guide.release.xcconfig"; path = "Pods/Target Support Files/Pods-RMH Family Guide/Pods-RMH Family Guide.release.xcconfig"; sourceTree = "<group>"; };
		386A0AA6A742E24CD1899432 /* Pods-RMH Family Guide.debug.xcconfig */ = {isa = PBXFileReference; includeInIndex = 1; lastKnownFileType = text.xcconfig; name = "Pods-RMH Family Guide.debug.xcconfig"; path = "Pods/Target Support Files/Pods-RMH Family Guide/Pods-RMH Family Guide.debug.xcconfig"; sourceTree = "<group>"; };
		623A96CB1ECCCE9900489C8D /* ViewController3.swift */ = {isa = PBXFileReference; fileEncoding = 4; lastKnownFileType = sourcecode.swift; path = ViewController3.swift; sourceTree = "<group>"; };
>>>>>>> 1f0eb9a540b9fdd6d8fa7da11692c32da37b18fb
		624660681ECC814200F7AC8A /* RMH Family Guide.app */ = {isa = PBXFileReference; explicitFileType = wrapper.application; includeInIndex = 0; path = "RMH Family Guide.app"; sourceTree = BUILT_PRODUCTS_DIR; };
		6246606B1ECC814200F7AC8A /* AppDelegate.swift */ = {isa = PBXFileReference; lastKnownFileType = sourcecode.swift; path = AppDelegate.swift; sourceTree = "<group>"; };
		6246606D1ECC814200F7AC8A /* ViewController.swift */ = {isa = PBXFileReference; lastKnownFileType = sourcecode.swift; path = ViewController.swift; sourceTree = "<group>"; };
		624660701ECC814200F7AC8A /* Base */ = {isa = PBXFileReference; lastKnownFileType = file.storyboard; name = Base; path = Base.lproj/Main.storyboard; sourceTree = "<group>"; };
		624660721ECC814200F7AC8A /* Assets.xcassets */ = {isa = PBXFileReference; lastKnownFileType = folder.assetcatalog; path = Assets.xcassets; sourceTree = "<group>"; };
		624660771ECC814200F7AC8A /* Info.plist */ = {isa = PBXFileReference; lastKnownFileType = text.plist.xml; path = Info.plist; sourceTree = "<group>"; };
<<<<<<< HEAD
		6246607F1ECC852B00F7AC8A /* Podfile */ = {isa = PBXFileReference; fileEncoding = 4; lastKnownFileType = text; path = Podfile; sourceTree = "<group>"; };
		91050174B6D3239C9E9C7902 /* Pods-RMH Family Guide.debug.xcconfig */ = {isa = PBXFileReference; includeInIndex = 1; lastKnownFileType = text.xcconfig; name = "Pods-RMH Family Guide.debug.xcconfig"; path = "Pods/Target Support Files/Pods-RMH Family Guide/Pods-RMH Family Guide.debug.xcconfig"; sourceTree = "<group>"; };
		95D0FEE71ECCB9DA00400405 /* MapViewController.swift */ = {isa = PBXFileReference; fileEncoding = 4; lastKnownFileType = sourcecode.swift; path = MapViewController.swift; sourceTree = "<group>"; };
		95D0FEEA1ECCC92700400405 /* Base */ = {isa = PBXFileReference; lastKnownFileType = file.storyboard; name = Base; path = Base.lproj/LaunchScreen.storyboard; sourceTree = "<group>"; };
		E52BD16BB69EC617632E5CC2 /* libPods-RMH Family Guide.a */ = {isa = PBXFileReference; explicitFileType = archive.ar; includeInIndex = 0; path = "libPods-RMH Family Guide.a"; sourceTree = BUILT_PRODUCTS_DIR; };
=======
		62C2A9271ECCB7310059B5CE /* ViewController2.swift */ = {isa = PBXFileReference; fileEncoding = 4; lastKnownFileType = sourcecode.swift; path = ViewController2.swift; sourceTree = "<group>"; };
		E4BCB65DEE2BFB5F876B9CA5 /* libPods-RMH Family Guide.a */ = {isa = PBXFileReference; explicitFileType = archive.ar; includeInIndex = 0; path = "libPods-RMH Family Guide.a"; sourceTree = BUILT_PRODUCTS_DIR; };
>>>>>>> 1f0eb9a540b9fdd6d8fa7da11692c32da37b18fb
/* End PBXFileReference section */

/* Begin PBXFrameworksBuildPhase section */
		624660651ECC814100F7AC8A /* Frameworks */ = {
			isa = PBXFrameworksBuildPhase;
			buildActionMask = 2147483647;
			files = (
<<<<<<< HEAD
				5738DD4ACDB5A9D1669CE1F2 /* libPods-RMH Family Guide.a in Frameworks */,
=======
				56A7599CCF26AEF9485C2CD4 /* libPods-RMH Family Guide.a in Frameworks */,
>>>>>>> 1f0eb9a540b9fdd6d8fa7da11692c32da37b18fb
			);
			runOnlyForDeploymentPostprocessing = 0;
		};
/* End PBXFrameworksBuildPhase section */

/* Begin PBXGroup section */
		6000AAA7B0381C617AB464E7 /* Pods */ = {
			isa = PBXGroup;
			children = (
				386A0AA6A742E24CD1899432 /* Pods-RMH Family Guide.debug.xcconfig */,
				2D2125531582D52A75430956 /* Pods-RMH Family Guide.release.xcconfig */,
			);
			name = Pods;
			sourceTree = "<group>";
		};
		6246605F1ECC814100F7AC8A = {
			isa = PBXGroup;
			children = (
				6246606A1ECC814200F7AC8A /* RMH Family Guide */,
				624660691ECC814200F7AC8A /* Products */,
<<<<<<< HEAD
				D3AED46D7F3940FAFD42CA52 /* Pods */,
				B0F14DE3D3070B7D2B979434 /* Frameworks */,
=======
				6000AAA7B0381C617AB464E7 /* Pods */,
				E661EBF02323C7027E11604D /* Frameworks */,
>>>>>>> 1f0eb9a540b9fdd6d8fa7da11692c32da37b18fb
			);
			sourceTree = "<group>";
		};
		624660691ECC814200F7AC8A /* Products */ = {
			isa = PBXGroup;
			children = (
				624660681ECC814200F7AC8A /* RMH Family Guide.app */,
			);
			name = Products;
			sourceTree = "<group>";
		};
		6246606A1ECC814200F7AC8A /* RMH Family Guide */ = {
			isa = PBXGroup;
			children = (
				6246606B1ECC814200F7AC8A /* AppDelegate.swift */,
				6246606D1ECC814200F7AC8A /* ViewController.swift */,
<<<<<<< HEAD
				95D0FEE71ECCB9DA00400405 /* MapViewController.swift */,
				6246606F1ECC814200F7AC8A /* Main.storyboard */,
				95D0FEE91ECCC92700400405 /* LaunchScreen.storyboard */,
				6246607F1ECC852B00F7AC8A /* Podfile */,
=======
				62C2A9271ECCB7310059B5CE /* ViewController2.swift */,
				623A96CB1ECCCE9900489C8D /* ViewController3.swift */,
				6246606F1ECC814200F7AC8A /* Main.storyboard */,
>>>>>>> 1f0eb9a540b9fdd6d8fa7da11692c32da37b18fb
				624660721ECC814200F7AC8A /* Assets.xcassets */,
				624660771ECC814200F7AC8A /* Info.plist */,
			);
			path = "RMH Family Guide";
			sourceTree = "<group>";
		};
<<<<<<< HEAD
		B0F14DE3D3070B7D2B979434 /* Frameworks */ = {
			isa = PBXGroup;
			children = (
				E52BD16BB69EC617632E5CC2 /* libPods-RMH Family Guide.a */,
=======
		E661EBF02323C7027E11604D /* Frameworks */ = {
			isa = PBXGroup;
			children = (
				E4BCB65DEE2BFB5F876B9CA5 /* libPods-RMH Family Guide.a */,
>>>>>>> 1f0eb9a540b9fdd6d8fa7da11692c32da37b18fb
			);
			name = Frameworks;
			sourceTree = "<group>";
		};
<<<<<<< HEAD
		D3AED46D7F3940FAFD42CA52 /* Pods */ = {
			isa = PBXGroup;
			children = (
				91050174B6D3239C9E9C7902 /* Pods-RMH Family Guide.debug.xcconfig */,
				0684AF6351502CF587716109 /* Pods-RMH Family Guide.release.xcconfig */,
			);
			name = Pods;
			sourceTree = "<group>";
		};
=======
>>>>>>> 1f0eb9a540b9fdd6d8fa7da11692c32da37b18fb
/* End PBXGroup section */

/* Begin PBXNativeTarget section */
		624660671ECC814100F7AC8A /* RMH Family Guide */ = {
			isa = PBXNativeTarget;
			buildConfigurationList = 6246607A1ECC814200F7AC8A /* Build configuration list for PBXNativeTarget "RMH Family Guide" */;
			buildPhases = (
<<<<<<< HEAD
				379B0F8720E3EC302B5CC4FF /* [CP] Check Pods Manifest.lock */,
				624660641ECC814100F7AC8A /* Sources */,
				624660651ECC814100F7AC8A /* Frameworks */,
				624660661ECC814100F7AC8A /* Resources */,
				5FB44F14B7B5DCA9E3A2AF83 /* [CP] Embed Pods Frameworks */,
				C17168752753E18DD9543C7A /* [CP] Copy Pods Resources */,
=======
				CA241B6898931B4D3AFAF9FB /* [CP] Check Pods Manifest.lock */,
				624660641ECC814100F7AC8A /* Sources */,
				624660651ECC814100F7AC8A /* Frameworks */,
				624660661ECC814100F7AC8A /* Resources */,
				C8BA4B296F244920DA537FE0 /* [CP] Embed Pods Frameworks */,
				AC15CEE5167670ACE99B0C05 /* [CP] Copy Pods Resources */,
>>>>>>> 1f0eb9a540b9fdd6d8fa7da11692c32da37b18fb
			);
			buildRules = (
			);
			dependencies = (
			);
			name = "RMH Family Guide";
			productName = "RMH Family Guide";
			productReference = 624660681ECC814200F7AC8A /* RMH Family Guide.app */;
			productType = "com.apple.product-type.application";
		};
/* End PBXNativeTarget section */

/* Begin PBXProject section */
		624660601ECC814100F7AC8A /* Project object */ = {
			isa = PBXProject;
			attributes = {
				LastSwiftUpdateCheck = 0820;
				LastUpgradeCheck = 0820;
				TargetAttributes = {
					624660671ECC814100F7AC8A = {
						CreatedOnToolsVersion = 8.2.1;
						ProvisioningStyle = Automatic;
					};
				};
			};
			buildConfigurationList = 624660631ECC814100F7AC8A /* Build configuration list for PBXProject "RMH Family Guide" */;
			compatibilityVersion = "Xcode 3.2";
			developmentRegion = English;
			hasScannedForEncodings = 0;
			knownRegions = (
				en,
				Base,
			);
			mainGroup = 6246605F1ECC814100F7AC8A;
			productRefGroup = 624660691ECC814200F7AC8A /* Products */;
			projectDirPath = "";
			projectRoot = "";
			targets = (
				624660671ECC814100F7AC8A /* RMH Family Guide */,
			);
		};
/* End PBXProject section */

/* Begin PBXResourcesBuildPhase section */
		624660661ECC814100F7AC8A /* Resources */ = {
			isa = PBXResourcesBuildPhase;
			buildActionMask = 2147483647;
			files = (
				624660731ECC814200F7AC8A /* Assets.xcassets in Resources */,
<<<<<<< HEAD
				95D0FEEB1ECCC92700400405 /* LaunchScreen.storyboard in Resources */,
				624660801ECC852B00F7AC8A /* Podfile in Resources */,
=======
>>>>>>> 1f0eb9a540b9fdd6d8fa7da11692c32da37b18fb
				624660711ECC814200F7AC8A /* Main.storyboard in Resources */,
			);
			runOnlyForDeploymentPostprocessing = 0;
		};
/* End PBXResourcesBuildPhase section */

/* Begin PBXShellScriptBuildPhase section */
<<<<<<< HEAD
		379B0F8720E3EC302B5CC4FF /* [CP] Check Pods Manifest.lock */ = {
=======
		AC15CEE5167670ACE99B0C05 /* [CP] Copy Pods Resources */ = {
>>>>>>> 1f0eb9a540b9fdd6d8fa7da11692c32da37b18fb
			isa = PBXShellScriptBuildPhase;
			buildActionMask = 2147483647;
			files = (
			);
			inputPaths = (
			);
<<<<<<< HEAD
			name = "[CP] Check Pods Manifest.lock";
=======
			name = "[CP] Copy Pods Resources";
>>>>>>> 1f0eb9a540b9fdd6d8fa7da11692c32da37b18fb
			outputPaths = (
			);
			runOnlyForDeploymentPostprocessing = 0;
			shellPath = /bin/sh;
<<<<<<< HEAD
			shellScript = "diff \"${PODS_PODFILE_DIR_PATH}/Podfile.lock\" \"${PODS_ROOT}/Manifest.lock\" > /dev/null\nif [ $? != 0 ] ; then\n    # print error to STDERR\n    echo \"error: The sandbox is not in sync with the Podfile.lock. Run 'pod install' or update your CocoaPods installation.\" >&2\n    exit 1\nfi\n";
			showEnvVarsInLog = 0;
		};
		5FB44F14B7B5DCA9E3A2AF83 /* [CP] Embed Pods Frameworks */ = {
=======
			shellScript = "\"${SRCROOT}/Pods/Target Support Files/Pods-RMH Family Guide/Pods-RMH Family Guide-resources.sh\"\n";
			showEnvVarsInLog = 0;
		};
		C8BA4B296F244920DA537FE0 /* [CP] Embed Pods Frameworks */ = {
>>>>>>> 1f0eb9a540b9fdd6d8fa7da11692c32da37b18fb
			isa = PBXShellScriptBuildPhase;
			buildActionMask = 2147483647;
			files = (
			);
			inputPaths = (
			);
			name = "[CP] Embed Pods Frameworks";
			outputPaths = (
			);
			runOnlyForDeploymentPostprocessing = 0;
			shellPath = /bin/sh;
			shellScript = "\"${SRCROOT}/Pods/Target Support Files/Pods-RMH Family Guide/Pods-RMH Family Guide-frameworks.sh\"\n";
			showEnvVarsInLog = 0;
		};
<<<<<<< HEAD
		C17168752753E18DD9543C7A /* [CP] Copy Pods Resources */ = {
=======
		CA241B6898931B4D3AFAF9FB /* [CP] Check Pods Manifest.lock */ = {
>>>>>>> 1f0eb9a540b9fdd6d8fa7da11692c32da37b18fb
			isa = PBXShellScriptBuildPhase;
			buildActionMask = 2147483647;
			files = (
			);
			inputPaths = (
			);
<<<<<<< HEAD
			name = "[CP] Copy Pods Resources";
=======
			name = "[CP] Check Pods Manifest.lock";
>>>>>>> 1f0eb9a540b9fdd6d8fa7da11692c32da37b18fb
			outputPaths = (
			);
			runOnlyForDeploymentPostprocessing = 0;
			shellPath = /bin/sh;
<<<<<<< HEAD
			shellScript = "\"${SRCROOT}/Pods/Target Support Files/Pods-RMH Family Guide/Pods-RMH Family Guide-resources.sh\"\n";
=======
			shellScript = "diff \"${PODS_PODFILE_DIR_PATH}/Podfile.lock\" \"${PODS_ROOT}/Manifest.lock\" > /dev/null\nif [ $? != 0 ] ; then\n    # print error to STDERR\n    echo \"error: The sandbox is not in sync with the Podfile.lock. Run 'pod install' or update your CocoaPods installation.\" >&2\n    exit 1\nfi\n";
>>>>>>> 1f0eb9a540b9fdd6d8fa7da11692c32da37b18fb
			showEnvVarsInLog = 0;
		};
/* End PBXShellScriptBuildPhase section */

/* Begin PBXSourcesBuildPhase section */
		624660641ECC814100F7AC8A /* Sources */ = {
			isa = PBXSourcesBuildPhase;
			buildActionMask = 2147483647;
			files = (
				62C2A9281ECCB7310059B5CE /* ViewController2.swift in Sources */,
				6246606E1ECC814200F7AC8A /* ViewController.swift in Sources */,
<<<<<<< HEAD
				95D0FEE81ECCB9DA00400405 /* MapViewController.swift in Sources */,
=======
				623A96CC1ECCCE9900489C8D /* ViewController3.swift in Sources */,
>>>>>>> 1f0eb9a540b9fdd6d8fa7da11692c32da37b18fb
				6246606C1ECC814200F7AC8A /* AppDelegate.swift in Sources */,
			);
			runOnlyForDeploymentPostprocessing = 0;
		};
/* End PBXSourcesBuildPhase section */

/* Begin PBXVariantGroup section */
		6246606F1ECC814200F7AC8A /* Main.storyboard */ = {
			isa = PBXVariantGroup;
			children = (
				624660701ECC814200F7AC8A /* Base */,
			);
			name = Main.storyboard;
			sourceTree = "<group>";
		};
		95D0FEE91ECCC92700400405 /* LaunchScreen.storyboard */ = {
			isa = PBXVariantGroup;
			children = (
				95D0FEEA1ECCC92700400405 /* Base */,
			);
			name = LaunchScreen.storyboard;
			sourceTree = "<group>";
		};
/* End PBXVariantGroup section */

/* Begin XCBuildConfiguration section */
		624660781ECC814200F7AC8A /* Debug */ = {
			isa = XCBuildConfiguration;
			buildSettings = {
				ALWAYS_SEARCH_USER_PATHS = NO;
				CLANG_ANALYZER_NONNULL = YES;
				CLANG_CXX_LANGUAGE_STANDARD = "gnu++0x";
				CLANG_CXX_LIBRARY = "libc++";
				CLANG_ENABLE_MODULES = YES;
				CLANG_ENABLE_OBJC_ARC = YES;
				CLANG_WARN_BOOL_CONVERSION = YES;
				CLANG_WARN_CONSTANT_CONVERSION = YES;
				CLANG_WARN_DIRECT_OBJC_ISA_USAGE = YES_ERROR;
				CLANG_WARN_DOCUMENTATION_COMMENTS = YES;
				CLANG_WARN_EMPTY_BODY = YES;
				CLANG_WARN_ENUM_CONVERSION = YES;
				CLANG_WARN_INFINITE_RECURSION = YES;
				CLANG_WARN_INT_CONVERSION = YES;
				CLANG_WARN_OBJC_ROOT_CLASS = YES_ERROR;
				CLANG_WARN_SUSPICIOUS_MOVE = YES;
				CLANG_WARN_UNREACHABLE_CODE = YES;
				CLANG_WARN__DUPLICATE_METHOD_MATCH = YES;
				"CODE_SIGN_IDENTITY[sdk=iphoneos*]" = "iPhone Developer";
				COPY_PHASE_STRIP = NO;
				DEBUG_INFORMATION_FORMAT = dwarf;
				ENABLE_STRICT_OBJC_MSGSEND = YES;
				ENABLE_TESTABILITY = YES;
				GCC_C_LANGUAGE_STANDARD = gnu99;
				GCC_DYNAMIC_NO_PIC = NO;
				GCC_NO_COMMON_BLOCKS = YES;
				GCC_OPTIMIZATION_LEVEL = 0;
				GCC_PREPROCESSOR_DEFINITIONS = (
					"DEBUG=1",
					"$(inherited)",
				);
				GCC_WARN_64_TO_32_BIT_CONVERSION = YES;
				GCC_WARN_ABOUT_RETURN_TYPE = YES_ERROR;
				GCC_WARN_UNDECLARED_SELECTOR = YES;
				GCC_WARN_UNINITIALIZED_AUTOS = YES_AGGRESSIVE;
				GCC_WARN_UNUSED_FUNCTION = YES;
				GCC_WARN_UNUSED_VARIABLE = YES;
				IPHONEOS_DEPLOYMENT_TARGET = 10.2;
				MTL_ENABLE_DEBUG_INFO = YES;
				ONLY_ACTIVE_ARCH = YES;
				SDKROOT = iphoneos;
				SWIFT_ACTIVE_COMPILATION_CONDITIONS = DEBUG;
				SWIFT_OPTIMIZATION_LEVEL = "-Onone";
				TARGETED_DEVICE_FAMILY = "1,2";
			};
			name = Debug;
		};
		624660791ECC814200F7AC8A /* Release */ = {
			isa = XCBuildConfiguration;
			buildSettings = {
				ALWAYS_SEARCH_USER_PATHS = NO;
				CLANG_ANALYZER_NONNULL = YES;
				CLANG_CXX_LANGUAGE_STANDARD = "gnu++0x";
				CLANG_CXX_LIBRARY = "libc++";
				CLANG_ENABLE_MODULES = YES;
				CLANG_ENABLE_OBJC_ARC = YES;
				CLANG_WARN_BOOL_CONVERSION = YES;
				CLANG_WARN_CONSTANT_CONVERSION = YES;
				CLANG_WARN_DIRECT_OBJC_ISA_USAGE = YES_ERROR;
				CLANG_WARN_DOCUMENTATION_COMMENTS = YES;
				CLANG_WARN_EMPTY_BODY = YES;
				CLANG_WARN_ENUM_CONVERSION = YES;
				CLANG_WARN_INFINITE_RECURSION = YES;
				CLANG_WARN_INT_CONVERSION = YES;
				CLANG_WARN_OBJC_ROOT_CLASS = YES_ERROR;
				CLANG_WARN_SUSPICIOUS_MOVE = YES;
				CLANG_WARN_UNREACHABLE_CODE = YES;
				CLANG_WARN__DUPLICATE_METHOD_MATCH = YES;
				"CODE_SIGN_IDENTITY[sdk=iphoneos*]" = "iPhone Developer";
				COPY_PHASE_STRIP = NO;
				DEBUG_INFORMATION_FORMAT = "dwarf-with-dsym";
				ENABLE_NS_ASSERTIONS = NO;
				ENABLE_STRICT_OBJC_MSGSEND = YES;
				GCC_C_LANGUAGE_STANDARD = gnu99;
				GCC_NO_COMMON_BLOCKS = YES;
				GCC_WARN_64_TO_32_BIT_CONVERSION = YES;
				GCC_WARN_ABOUT_RETURN_TYPE = YES_ERROR;
				GCC_WARN_UNDECLARED_SELECTOR = YES;
				GCC_WARN_UNINITIALIZED_AUTOS = YES_AGGRESSIVE;
				GCC_WARN_UNUSED_FUNCTION = YES;
				GCC_WARN_UNUSED_VARIABLE = YES;
				IPHONEOS_DEPLOYMENT_TARGET = 10.2;
				MTL_ENABLE_DEBUG_INFO = NO;
				SDKROOT = iphoneos;
				SWIFT_OPTIMIZATION_LEVEL = "-Owholemodule";
				TARGETED_DEVICE_FAMILY = "1,2";
				VALIDATE_PRODUCT = YES;
			};
			name = Release;
		};
		6246607B1ECC814200F7AC8A /* Debug */ = {
			isa = XCBuildConfiguration;
<<<<<<< HEAD
			baseConfigurationReference = 91050174B6D3239C9E9C7902 /* Pods-RMH Family Guide.debug.xcconfig */;
=======
			baseConfigurationReference = 386A0AA6A742E24CD1899432 /* Pods-RMH Family Guide.debug.xcconfig */;
>>>>>>> 1f0eb9a540b9fdd6d8fa7da11692c32da37b18fb
			buildSettings = {
				ASSETCATALOG_COMPILER_APPICON_NAME = AppIcon;
				INFOPLIST_FILE = "RMH Family Guide/Info.plist";
				LD_RUNPATH_SEARCH_PATHS = "$(inherited) @executable_path/Frameworks";
				PRODUCT_BUNDLE_IDENTIFIER = "MFN.RMH-Family-Guide";
				PRODUCT_NAME = "$(TARGET_NAME)";
				SWIFT_VERSION = 3.0;
			};
			name = Debug;
		};
		6246607C1ECC814200F7AC8A /* Release */ = {
			isa = XCBuildConfiguration;
<<<<<<< HEAD
			baseConfigurationReference = 0684AF6351502CF587716109 /* Pods-RMH Family Guide.release.xcconfig */;
=======
			baseConfigurationReference = 2D2125531582D52A75430956 /* Pods-RMH Family Guide.release.xcconfig */;
>>>>>>> 1f0eb9a540b9fdd6d8fa7da11692c32da37b18fb
			buildSettings = {
				ASSETCATALOG_COMPILER_APPICON_NAME = AppIcon;
				INFOPLIST_FILE = "RMH Family Guide/Info.plist";
				LD_RUNPATH_SEARCH_PATHS = "$(inherited) @executable_path/Frameworks";
				PRODUCT_BUNDLE_IDENTIFIER = "MFN.RMH-Family-Guide";
				PRODUCT_NAME = "$(TARGET_NAME)";
				SWIFT_VERSION = 3.0;
			};
			name = Release;
		};
/* End XCBuildConfiguration section */

/* Begin XCConfigurationList section */
		624660631ECC814100F7AC8A /* Build configuration list for PBXProject "RMH Family Guide" */ = {
			isa = XCConfigurationList;
			buildConfigurations = (
				624660781ECC814200F7AC8A /* Debug */,
				624660791ECC814200F7AC8A /* Release */,
			);
			defaultConfigurationIsVisible = 0;
			defaultConfigurationName = Release;
		};
		6246607A1ECC814200F7AC8A /* Build configuration list for PBXNativeTarget "RMH Family Guide" */ = {
			isa = XCConfigurationList;
			buildConfigurations = (
				6246607B1ECC814200F7AC8A /* Debug */,
				6246607C1ECC814200F7AC8A /* Release */,
			);
			defaultConfigurationIsVisible = 0;
			defaultConfigurationName = Release;
		};
/* End XCConfigurationList section */
	};
	rootObject = 624660601ECC814100F7AC8A /* Project object */;
}
